PODS:
  - MGKeyboardAccessory/Core (0.7)
  - MGKeyboardAccessory/Rx (0.7):
    - MGKeyboardAccessory/Core (~> 0)
    - RxCocoa (~> 6)
  - RxCocoa (6.5.0):
    - RxRelay (= 6.5.0)
    - RxSwift (= 6.5.0)
  - RxRelay (6.5.0):
    - RxSwift (= 6.5.0)
  - RxSwift (6.5.0)

DEPENDENCIES:
  - MGKeyboardAccessory/Rx (from `../`)

SPEC REPOS:
  trunk:
    - RxCocoa
    - RxRelay
    - RxSwift

EXTERNAL SOURCES:
  MGKeyboardAccessory:
    :path: "../"

SPEC CHECKSUMS:
  MGKeyboardAccessory: 91ca768e22794a64871e68ce264509a0d1ef2a06
  RxCocoa: 94f817b71c07517321eb4f9ad299112ca8af743b
  RxRelay: 1de1523e604c72b6c68feadedd1af3b1b4d0ecbd
  RxSwift: 5710a9e6b17f3c3d6e40d6e559b9fa1e813b2ef8

PODFILE CHECKSUM: acd85a5db5bda843f116c2d42c7fe9e323505be4

COCOAPODS: 1.11.3
